
Microsoft Visual Studio Solution File, Format Version 12.00
# Visual Studio Version 16
VisualStudioVersion = 16.0.31729.503
MinimumVisualStudioVersion = 10.0.40219.1
Project("{FAE04EC0-301F-11D3-BF4B-00C04F79EFBC}") = "revealRuleBook", "revealRuleBook\revealRuleBook.csproj", "{98A05214-4237-458E-9AE7-B6567CC5E74C}"
EndProject
Global
	GlobalSection(SolutionConfigurationPlatforms) = preSolution
		Debug|Any CPU = Debug|Any CPU
		Release|Any CPU = Release|Any CPU
	EndGlobalSection
	GlobalSection(ProjectConfigurationPlatforms) = postSolution
		{98A05214-4237-458E-9AE7-B6567CC5E74C}.Debug|Any CPU.ActiveCfg = Debug|Any CPU
		{98A05214-4237-458E-9AE7-B6567CC5E74C}.Debug|Any CPU.Build.0 = Debug|Any CPU
		{98A05214-4237-458E-9AE7-B6567CC5E74C}.Release|Any CPU.ActiveCfg = Release|Any CPU
		{98A05214-4237-458E-9AE7-B6567CC5E74C}.Release|Any CPU.Build.0 = Release|Any CPU
	EndGlobalSection
	GlobalSection(SolutionProperties) = preSolution
		HideSolutionNode = FALSE
	EndGlobalSection
	GlobalSection(ExtensibilityGlobals) = postSolution
		SolutionGuid = {F94A5EFD-36C7-4787-B872-C4D022E2058B}
	EndGlobalSection
EndGlobal
